
Microsoft Visual Studio Solution File, Format Version 12.00
# Visual Studio Version 17
VisualStudioVersion = 17.5.33627.172
MinimumVisualStudioVersion = 10.0.40219.1
Project("{2150E333-8FDC-42A3-9474-1A3956D46DE8}") = "test", "test", "{C2356FA2-55B8-46D2-B9DE-1279DFD89C22}"
EndProject
Project("{2150E333-8FDC-42A3-9474-1A3956D46DE8}") = "src", "src", "{2A97212A-F137-430E-BC44-1DDE1B10E966}"
EndProject
Project("{FAE04EC0-301F-11D3-BF4B-00C04F79EFBC}") = "Burgerber.WepApi", "src\Burgerber.WepApi\Burgerber.WepApi.csproj", "{631A8BAD-8807-4E89-A5FD-8D91B4FDE612}"
EndProject
Project("{FAE04EC0-301F-11D3-BF4B-00C04F79EFBC}") = "Burgerber.Domain", "src\Burgerber.Domain\Burgerber.Domain.csproj", "{A71D1CBC-8A1E-4D6A-97FC-DE5D2ACD5FBA}"
EndProject
Project("{FAE04EC0-301F-11D3-BF4B-00C04F79EFBC}") = "Burgerber.DataAccess", "src\Burgerber.DataAccess\Burgerber.DataAccess.csproj", "{BDFE5ADA-37DF-4C05-A871-9A09F4CE086F}"
EndProject
Project("{FAE04EC0-301F-11D3-BF4B-00C04F79EFBC}") = "Burgerber.Service", "src\Burgerber.Service\Burgerber.Service.csproj", "{803458C5-A4D5-4633-B528-08E0479B8C99}"
EndProject
Project("{FAE04EC0-301F-11D3-BF4B-00C04F79EFBC}") = "Burgerber.UnitTest", "test\Burgerber.UnitTest\Burgerber.UnitTest.csproj", "{13625E36-462A-40A8-A5B6-6F36961F0FC7}"
EndProject
Global
	GlobalSection(SolutionConfigurationPlatforms) = preSolution
		Debug|Any CPU = Debug|Any CPU
		Release|Any CPU = Release|Any CPU
	EndGlobalSection
	GlobalSection(ProjectConfigurationPlatforms) = postSolution
		{631A8BAD-8807-4E89-A5FD-8D91B4FDE612}.Debug|Any CPU.ActiveCfg = Debug|Any CPU
		{631A8BAD-8807-4E89-A5FD-8D91B4FDE612}.Debug|Any CPU.Build.0 = Debug|Any CPU
		{631A8BAD-8807-4E89-A5FD-8D91B4FDE612}.Release|Any CPU.ActiveCfg = Release|Any CPU
		{631A8BAD-8807-4E89-A5FD-8D91B4FDE612}.Release|Any CPU.Build.0 = Release|Any CPU
		{A71D1CBC-8A1E-4D6A-97FC-DE5D2ACD5FBA}.Debug|Any CPU.ActiveCfg = Debug|Any CPU
		{A71D1CBC-8A1E-4D6A-97FC-DE5D2ACD5FBA}.Debug|Any CPU.Build.0 = Debug|Any CPU
		{A71D1CBC-8A1E-4D6A-97FC-DE5D2ACD5FBA}.Release|Any CPU.ActiveCfg = Release|Any CPU
		{A71D1CBC-8A1E-4D6A-97FC-DE5D2ACD5FBA}.Release|Any CPU.Build.0 = Release|Any CPU
		{BDFE5ADA-37DF-4C05-A871-9A09F4CE086F}.Debug|Any CPU.ActiveCfg = Debug|Any CPU
		{BDFE5ADA-37DF-4C05-A871-9A09F4CE086F}.Debug|Any CPU.Build.0 = Debug|Any CPU
		{BDFE5ADA-37DF-4C05-A871-9A09F4CE086F}.Release|Any CPU.ActiveCfg = Release|Any CPU
		{BDFE5ADA-37DF-4C05-A871-9A09F4CE086F}.Release|Any CPU.Build.0 = Release|Any CPU
		{803458C5-A4D5-4633-B528-08E0479B8C99}.Debug|Any CPU.ActiveCfg = Debug|Any CPU
		{803458C5-A4D5-4633-B528-08E0479B8C99}.Debug|Any CPU.Build.0 = Debug|Any CPU
		{803458C5-A4D5-4633-B528-08E0479B8C99}.Release|Any CPU.ActiveCfg = Release|Any CPU
		{803458C5-A4D5-4633-B528-08E0479B8C99}.Release|Any CPU.Build.0 = Release|Any CPU
		{13625E36-462A-40A8-A5B6-6F36961F0FC7}.Debug|Any CPU.ActiveCfg = Debug|Any CPU
		{13625E36-462A-40A8-A5B6-6F36961F0FC7}.Debug|Any CPU.Build.0 = Debug|Any CPU
		{13625E36-462A-40A8-A5B6-6F36961F0FC7}.Release|Any CPU.ActiveCfg = Release|Any CPU
		{13625E36-462A-40A8-A5B6-6F36961F0FC7}.Release|Any CPU.Build.0 = Release|Any CPU
	EndGlobalSection
	GlobalSection(SolutionProperties) = preSolution
		HideSolutionNode = FALSE
	EndGlobalSection
	GlobalSection(NestedProjects) = preSolution
		{631A8BAD-8807-4E89-A5FD-8D91B4FDE612} = {2A97212A-F137-430E-BC44-1DDE1B10E966}
		{A71D1CBC-8A1E-4D6A-97FC-DE5D2ACD5FBA} = {2A97212A-F137-430E-BC44-1DDE1B10E966}
		{BDFE5ADA-37DF-4C05-A871-9A09F4CE086F} = {2A97212A-F137-430E-BC44-1DDE1B10E966}
		{803458C5-A4D5-4633-B528-08E0479B8C99} = {2A97212A-F137-430E-BC44-1DDE1B10E966}
		{13625E36-462A-40A8-A5B6-6F36961F0FC7} = {C2356FA2-55B8-46D2-B9DE-1279DFD89C22}
	EndGlobalSection
	GlobalSection(ExtensibilityGlobals) = postSolution
		SolutionGuid = {35833966-9EF1-4F46-81FE-6E2071E2FC4D}
	EndGlobalSection
EndGlobal
